
Microsoft Visual Studio Solution File, Format Version 12.00
# Visual Studio 15
VisualStudioVersion = 15.0.28307.106
MinimumVisualStudioVersion = 10.0.40219.1
Project("{FAE04EC0-301F-11D3-BF4B-00C04F79EFBC}") = "BookStore", "BookStore\BookStore.csproj", "{A0EDE36F-C0BD-44AF-B421-B4A950E57AC6}"
EndProject
Global
	GlobalSection(SolutionConfigurationPlatforms) = preSolution
		Debug|Any CPU = Debug|Any CPU
		Release|Any CPU = Release|Any CPU
	EndGlobalSection
	GlobalSection(ProjectConfigurationPlatforms) = postSolution
		{A0EDE36F-C0BD-44AF-B421-B4A950E57AC6}.Debug|Any CPU.ActiveCfg = Debug|Any CPU
		{A0EDE36F-C0BD-44AF-B421-B4A950E57AC6}.Debug|Any CPU.Build.0 = Debug|Any CPU
		{A0EDE36F-C0BD-44AF-B421-B4A950E57AC6}.Release|Any CPU.ActiveCfg = Release|Any CPU
		{A0EDE36F-C0BD-44AF-B421-B4A950E57AC6}.Release|Any CPU.Build.0 = Release|Any CPU
	EndGlobalSection
	GlobalSection(SolutionProperties) = preSolution
		HideSolutionNode = FALSE
	EndGlobalSection
	GlobalSection(ExtensibilityGlobals) = postSolution
		SolutionGuid = {CAEB2123-12C0-4EF6-B77D-99B45EF32CE1}
	EndGlobalSection
EndGlobal
